
Microsoft Visual Studio Solution File, Format Version 12.00
# Visual Studio Version 16
VisualStudioVersion = 16.0.31025.194
MinimumVisualStudioVersion = 10.0.40219.1
Project("{FAE04EC0-301F-11D3-BF4B-00C04F79EFBC}") = "ERPProject", "ERPProject.csproj", "{8298BF34-DC47-4AD5-BC82-927554002603}"
EndProject
Global
	GlobalSection(SolutionConfigurationPlatforms) = preSolution
		Debug|Any CPU = Debug|Any CPU
		Release|Any CPU = Release|Any CPU
	EndGlobalSection
	GlobalSection(ProjectConfigurationPlatforms) = postSolution
		{8298BF34-DC47-4AD5-BC82-927554002603}.Debug|Any CPU.ActiveCfg = Debug|Any CPU
		{8298BF34-DC47-4AD5-BC82-927554002603}.Debug|Any CPU.Build.0 = Debug|Any CPU
		{8298BF34-DC47-4AD5-BC82-927554002603}.Release|Any CPU.ActiveCfg = Release|Any CPU
		{8298BF34-DC47-4AD5-BC82-927554002603}.Release|Any CPU.Build.0 = Release|Any CPU
	EndGlobalSection
	GlobalSection(SolutionProperties) = preSolution
		HideSolutionNode = FALSE
	EndGlobalSection
	GlobalSection(ExtensibilityGlobals) = postSolution
		SolutionGuid = {B18D7D34-3A18-4935-B279-660FBA6C7DA1}
	EndGlobalSection
EndGlobal
